{
  "name": "Revolt",
  "lockfileVersion": 2,
  "requires": true,
  "packages": {
    "": {
      "dependencies": {
        "dompurify": "^3.0.1",
        "moment": "^2.29.4"
      }
    },
    "node_modules/dompurify": {
      "version": "3.0.1",
      "resolved": "https://registry.npmjs.org/dompurify/-/dompurify-3.0.1.tgz",
      "integrity": "sha512-60tsgvPKwItxZZdfLmamp0MTcecCta3avOhsLgPZ0qcWt96OasFfhkeIRbJ6br5i0fQawT1/RBGB5L58/Jpwuw=="
    },
    "node_modules/moment": {
      "version": "2.29.4",
      "resolved": "https://registry.npmjs.org/moment/-/moment-2.29.4.tgz",
      "integrity": "sha512-5LC9SOxjSc2HF6vO2CyuTDNivEdoz2IvyJJGj6X8DJ0eFyfszE0QiEd+iXmBvUP3WHxSjFH/vIsA0EN00cgr8w==",
      "engines": {
        "node": "*"
      }
    }
  },
  "dependencies": {
    "dompurify": {
      "version": "3.0.1",
      "resolved": "https://registry.npmjs.org/dompurify/-/dompurify-3.0.1.tgz",
      "integrity": "sha512-60tsgvPKwItxZZdfLmamp0MTcecCta3avOhsLgPZ0qcWt96OasFfhkeIRbJ6br5i0fQawT1/RBGB5L58/Jpwuw=="
    },
    "moment": {
      "version": "2.29.4",
      "resolved": "https://registry.npmjs.org/moment/-/moment-2.29.4.tgz",
      "integrity": "sha512-5LC9SOxjSc2HF6vO2CyuTDNivEdoz2IvyJJGj6X8DJ0eFyfszE0QiEd+iXmBvUP3WHxSjFH/vIsA0EN00cgr8w=="
    }
  }
}
